
Microsoft Visual Studio Solution File, Format Version 12.00
# Visual Studio 15
VisualStudioVersion = 15.0.27130.2026
MinimumVisualStudioVersion = 10.0.40219.1
Project("{8BC9CEB8-8B4A-11D0-8D11-00A0C91BC942}") = "RNCUnpacker", "RNCUnpacker\RNCUnpacker.vcxproj", "{D579B188-A10A-41A0-A14A-82A751733411}"
EndProject
Project("{FAE04EC0-301F-11D3-BF4B-00C04F79EFBC}") = "RNCUnpacker.NET", "RNCUnpacker.NET\RNCUnpacker.NET.csproj", "{89BECEB0-00E3-45ED-9A1C-566CC3966F91}"
	ProjectSection(ProjectDependencies) = postProject
		{D579B188-A10A-41A0-A14A-82A751733411} = {D579B188-A10A-41A0-A14A-82A751733411}
	EndProjectSection
EndProject
Global
	GlobalSection(SolutionConfigurationPlatforms) = preSolution
		Debug|x64 = Debug|x64
		Debug|x86 = Debug|x86
		Release|x64 = Release|x64
		Release|x86 = Release|x86
	EndGlobalSection
	GlobalSection(ProjectConfigurationPlatforms) = postSolution
		{D579B188-A10A-41A0-A14A-82A751733411}.Debug|x64.ActiveCfg = Debug|x64
		{D579B188-A10A-41A0-A14A-82A751733411}.Debug|x64.Build.0 = Debug|x64
		{D579B188-A10A-41A0-A14A-82A751733411}.Debug|x86.ActiveCfg = Debug|Win32
		{D579B188-A10A-41A0-A14A-82A751733411}.Debug|x86.Build.0 = Debug|Win32
		{D579B188-A10A-41A0-A14A-82A751733411}.Release|x64.ActiveCfg = Release|x64
		{D579B188-A10A-41A0-A14A-82A751733411}.Release|x64.Build.0 = Release|x64
		{D579B188-A10A-41A0-A14A-82A751733411}.Release|x86.ActiveCfg = Release|Win32
		{D579B188-A10A-41A0-A14A-82A751733411}.Release|x86.Build.0 = Release|Win32
		{89BECEB0-00E3-45ED-9A1C-566CC3966F91}.Debug|x64.ActiveCfg = Debug|Any CPU
		{89BECEB0-00E3-45ED-9A1C-566CC3966F91}.Debug|x64.Build.0 = Debug|Any CPU
		{89BECEB0-00E3-45ED-9A1C-566CC3966F91}.Debug|x86.ActiveCfg = Debug|Any CPU
		{89BECEB0-00E3-45ED-9A1C-566CC3966F91}.Debug|x86.Build.0 = Debug|Any CPU
		{89BECEB0-00E3-45ED-9A1C-566CC3966F91}.Release|x64.ActiveCfg = Release|Any CPU
		{89BECEB0-00E3-45ED-9A1C-566CC3966F91}.Release|x64.Build.0 = Release|Any CPU
		{89BECEB0-00E3-45ED-9A1C-566CC3966F91}.Release|x86.ActiveCfg = Release|Any CPU
		{89BECEB0-00E3-45ED-9A1C-566CC3966F91}.Release|x86.Build.0 = Release|Any CPU
	EndGlobalSection
	GlobalSection(SolutionProperties) = preSolution
		HideSolutionNode = FALSE
	EndGlobalSection
	GlobalSection(ExtensibilityGlobals) = postSolution
		SolutionGuid = {51C2ECA6-06FB-4DF5-B553-A6BF5096E5D4}
	EndGlobalSection
EndGlobal
